NeoBundleLock alpaca_tags 966932fb3f0abec35391791ac9301408fdba42df
NeoBundleLock gundo.vim 3975ac871565115e3769dc69c06bc88ddc1369af
NeoBundleLock neocomplete d1ba62686a9d6af03307e50107072ba668d95597
NeoBundleLock neomru.vim 8655b3ba4e33a9e9d2f77c26365458c1702bdb16
NeoBundleLock neorspec.vim a72953e2ba43c76af442ac1c9bd0d814043b6145
NeoBundleLock neosnippet e619d43571a675057461f29f2c039dab64728f32
NeoBundleLock neosnippet-snippets 9767073287214a621197eced2455768e0940f482
NeoBundleLock syntastic 47c70b3e1e388d8f9cc7c6d9687efc047df843ac
NeoBundleLock unite-mark c6353b0b0a3ecb2dd316b57a351cd71eb580bf57
NeoBundleLock unite-rails 1509884b919f0669e07cd73eb86118dd916c3af7
NeoBundleLock unite-tag 6b507bae22340448b189a905fea6579820ba8d9d
NeoBundleLock unite.vim 3a25f2a1992e0e39d62a2034590580df540d8b80
NeoBundleLock vim-colors-solarized 528a59f26d12278698bb946f8fb82a63711eec21
NeoBundleLock vim-dispatch 69fea418692f76058d5cd95f0a17ed6b0f5bbb77
NeoBundleLock vim-endwise f2b664d4d492e649558dae1c3fce68a11196d7cc
NeoBundleLock vim-hybrid 75184dacef65991590514afca2943ad375d10dd3
NeoBundleLock vim-insert-linenr 1574704584af7ab041bf3e8ec4b347591fab0135
NeoBundleLock vim-matchit ceaf496a3763f3c20bc7f50c2135df4f1775ae05
NeoBundleLock vim-rails f9bf7bb625e9405b21705e646e15123daa78671a
NeoBundleLock vim-snippets c00f373485c890d48909eb2fdb65ced6e108e206
NeoBundleLock vim-tags 84728006078f8df54bce07740165f3fdc89a3c45
NeoBundleLock vim-tomorrow-theme f45a2ca260d825b6aee72621f8f6158d815ac472
NeoBundleLock vimproc 9cd1edd344e0451a14d9574f555de0c51efe6819
