NeoBundleLock alpaca_tags d75dd63cbec8974a4844deac7a6493561fa07cf8
NeoBundleLock gundo.vim d75dd63cbec8974a4844deac7a6493561fa07cf8
NeoBundleLock neomru.vim d75dd63cbec8974a4844deac7a6493561fa07cf8
NeoBundleLock neorspec.vim d75dd63cbec8974a4844deac7a6493561fa07cf8
NeoBundleLock neosnippet d75dd63cbec8974a4844deac7a6493561fa07cf8
NeoBundleLock neosnippet-snippets d75dd63cbec8974a4844deac7a6493561fa07cf8
NeoBundleLock syntastic d75dd63cbec8974a4844deac7a6493561fa07cf8
NeoBundleLock unite-mark d75dd63cbec8974a4844deac7a6493561fa07cf8
NeoBundleLock unite-rails d75dd63cbec8974a4844deac7a6493561fa07cf8
NeoBundleLock unite-tag d75dd63cbec8974a4844deac7a6493561fa07cf8
NeoBundleLock unite.vim d75dd63cbec8974a4844deac7a6493561fa07cf8
NeoBundleLock vim-colors-solarized d75dd63cbec8974a4844deac7a6493561fa07cf8
NeoBundleLock vim-dispatch d75dd63cbec8974a4844deac7a6493561fa07cf8
NeoBundleLock vim-endwise d75dd63cbec8974a4844deac7a6493561fa07cf8
NeoBundleLock vim-hybrid d75dd63cbec8974a4844deac7a6493561fa07cf8
NeoBundleLock vim-matchit d75dd63cbec8974a4844deac7a6493561fa07cf8
NeoBundleLock vim-rails d75dd63cbec8974a4844deac7a6493561fa07cf8
NeoBundleLock vim-snippets d75dd63cbec8974a4844deac7a6493561fa07cf8
NeoBundleLock vim-tags d75dd63cbec8974a4844deac7a6493561fa07cf8
NeoBundleLock vim-tomorrow-theme d75dd63cbec8974a4844deac7a6493561fa07cf8
NeoBundleLock vimproc d75dd63cbec8974a4844deac7a6493561fa07cf8
